
Microsoft Visual Studio Solution File, Format Version 10.00
# Visual Studio 2008
Project("{FAE04EC0-301F-11D3-BF4B-00C04F79EFBC}") = "WpfApplication1", "WpfApplication1\WpfApplication1.csproj", "{FD00E9B4-6492-42E0-B2A7-BFCDEFB77501}"
EndProject
Project("{FAE04EC0-301F-11D3-BF4B-00C04F79EFBC}") = "GrayscaleEffect", "GrayscaleEffect\GrayscaleEffect.csproj", "{7F9CD429-94F5-4BF0-9BAC-1AE41D105E97}"
EndProject
Global
	GlobalSection(SolutionConfigurationPlatforms) = preSolution
		Debug|Any CPU = Debug|Any CPU
		Release|Any CPU = Release|Any CPU
	EndGlobalSection
	GlobalSection(ProjectConfigurationPlatforms) = postSolution
		{FD00E9B4-6492-42E0-B2A7-BFCDEFB77501}.Debug|Any CPU.ActiveCfg = Debug|Any CPU
		{FD00E9B4-6492-42E0-B2A7-BFCDEFB77501}.Debug|Any CPU.Build.0 = Debug|Any CPU
		{FD00E9B4-6492-42E0-B2A7-BFCDEFB77501}.Release|Any CPU.ActiveCfg = Release|Any CPU
		{FD00E9B4-6492-42E0-B2A7-BFCDEFB77501}.Release|Any CPU.Build.0 = Release|Any CPU
		{7F9CD429-94F5-4BF0-9BAC-1AE41D105E97}.Debug|Any CPU.ActiveCfg = Debug|Any CPU
		{7F9CD429-94F5-4BF0-9BAC-1AE41D105E97}.Debug|Any CPU.Build.0 = Debug|Any CPU
		{7F9CD429-94F5-4BF0-9BAC-1AE41D105E97}.Release|Any CPU.ActiveCfg = Release|Any CPU
		{7F9CD429-94F5-4BF0-9BAC-1AE41D105E97}.Release|Any CPU.Build.0 = Release|Any CPU
	EndGlobalSection
	GlobalSection(SolutionProperties) = preSolution
		HideSolutionNode = FALSE
	EndGlobalSection
EndGlobal
